{
  "nodes": {
    "deploy-rs": {
      "inputs": {
        "flake-compat": "flake-compat",
        "naersk": "naersk",
        "nixpkgs": [
          "nixpkgs"
        ],
        "utils": "utils"
      },
      "locked": {
        "lastModified": 1623011836,
        "narHash": "sha256-02M4P3eqUdV+ouZb8n1KDR1CXeZQm17cKpjKZKi0c10=",
        "owner": "serokell",
        "repo": "deploy-rs",
        "rev": "70d71b3027b1793b780f1e2435bdbbe1b0cb9ac6",
        "type": "github"
      },
      "original": {
        "owner": "serokell",
        "repo": "deploy-rs",
        "type": "github"
      }
    },
    "dotfiles": {
      "flake": false,
      "locked": {
        "lastModified": 1623086135,
        "narHash": "sha256-j1NIybItRUFex7y97PRs1TAyhe/0aTwefc+X6ROEs9c=",
        "owner": "kraem",
        "repo": "dotfiles",
        "rev": "1931336dbfb1fbe0f2e30e26d67d5812fd34ec5e",
        "type": "github"
      },
      "original": {
        "owner": "kraem",
        "repo": "dotfiles",
        "type": "github"
      }
    },
    "flake-compat": {
      "flake": false,
      "locked": {
        "lastModified": 1606424373,
        "narHash": "sha256-oq8d4//CJOrVj+EcOaSXvMebvuTkmBJuT5tzlfewUnQ=",
        "owner": "edolstra",
        "repo": "flake-compat",
        "rev": "99f1c2157fba4bfe6211a321fd0ee43199025dbf",
        "type": "github"
      },
      "original": {
        "owner": "edolstra",
        "repo": "flake-compat",
        "type": "github"
      }
    },
    "flake-utils": {
      "locked": {
        "lastModified": 1610051610,
        "narHash": "sha256-U9rPz/usA1/Aohhk7Cmc2gBrEEKRzcW4nwPWMPwja4Y=",
        "owner": "numtide",
        "repo": "flake-utils",
        "rev": "3982c9903e93927c2164caa727cd3f6a0e6d14cc",
        "type": "github"
      },
      "original": {
        "owner": "numtide",
        "repo": "flake-utils",
        "type": "github"
      }
    },
    "home-manager": {
      "inputs": {
        "nixpkgs": [
          "nixpkgs"
        ]
      },
      "locked": {
        "lastModified": 1615419569,
        "narHash": "sha256-+ewB0sQGeoYryWZk2Ww2Lm/5jeqhlYTjGy6zEX2Mm1I=",
        "owner": "rycee",
        "repo": "home-manager",
        "rev": "040ea28e448a93d24540b7cf2eda4b25300c5ab1",
        "type": "github"
      },
      "original": {
        "owner": "rycee",
        "repo": "home-manager",
        "type": "github"
      }
    },
    "impermanence": {
      "locked": {
        "lastModified": 1607963610,
        "narHash": "sha256-GbThFdlYfh9ujQjXX6Ngn88s2ALd1aepKsbxj0lgm28=",
        "owner": "nix-community",
        "repo": "impermanence",
        "rev": "2cda5cd30bc7c56240a1a91ec8d44c6d5222ee17",
        "type": "github"
      },
      "original": {
        "owner": "nix-community",
        "repo": "impermanence",
        "type": "github"
      }
    },
    "lowdown-src": {
      "flake": false,
      "locked": {
        "lastModified": 1598695561,
        "narHash": "sha256-gyH/5j+h/nWw0W8AcR2WKvNBUsiQ7QuxqSJNXAwV+8E=",
        "owner": "kristapsdz",
        "repo": "lowdown",
        "rev": "1705b4a26fbf065d9574dce47a94e8c7c79e052f",
        "type": "github"
      },
      "original": {
        "owner": "kristapsdz",
        "repo": "lowdown",
        "type": "github"
      }
    },
    "naersk": {
      "inputs": {
        "nixpkgs": [
          "nixpkgs"
        ]
      },
      "locked": {
        "lastModified": 1622810282,
        "narHash": "sha256-4wmvM3/xfD0hCdNDIXVzRMfL4yB1J+DjH6Zte2xbAxk=",
        "owner": "nmattia",
        "repo": "naersk",
        "rev": "e8061169e1495871b56be97c5c51d310fae01374",
        "type": "github"
      },
      "original": {
        "owner": "nmattia",
        "ref": "master",
        "repo": "naersk",
        "type": "github"
      }
    },
    "neovim-nightly": {
      "flake": false,
      "locked": {
        "lastModified": 1623084223,
        "narHash": "sha256-lhKgG4L5UAt9zb5KH8YvpR/y7E4Dh9Ekb4BkEPHAY+Y=",
        "owner": "neovim",
        "repo": "neovim",
        "rev": "93f15db5d61800a2029aa20684be31c96ebcca5b",
        "type": "github"
      },
      "original": {
        "owner": "neovim",
        "repo": "neovim",
        "type": "github"
      }
    },
    "nix": {
      "inputs": {
        "lowdown-src": "lowdown-src",
        "nixpkgs": [
          "nixpkgs"
        ]
      },
      "locked": {
        "lastModified": 1610111826,
        "narHash": "sha256-s5omoLuyZg99znZ7dgJ/cwZiMSw+cJIdJOYL77e3qvc=",
        "owner": "NixOS",
        "repo": "nix",
        "rev": "e21aee58f6dd7785df50d5d2a473feb5f6b2ed4f",
        "type": "github"
      },
      "original": {
        "owner": "NixOS",
        "repo": "nix",
        "type": "github"
      }
    },
    "nixpkgs": {
      "locked": {
        "lastModified": 1623271678,
        "narHash": "sha256-eeKIlvckNCOQc2Lkjzph3cGJNuTe6+CBytLS0F54nbY=",
        "owner": "NixOS",
        "repo": "nixpkgs",
        "rev": "d7d0a67765b7aac64806200fdd1a647649e6990a",
        "type": "github"
      },
      "original": {
        "owner": "NixOS",
        "ref": "master",
        "repo": "nixpkgs",
        "type": "github"
      }
    },
    "root": {
      "inputs": {
        "deploy-rs": "deploy-rs",
        "dotfiles": "dotfiles",
        "flake-utils": "flake-utils",
        "home-manager": "home-manager",
        "impermanence": "impermanence",
        "neovim-nightly": "neovim-nightly",
        "nix": "nix",
        "nixpkgs": "nixpkgs",
        "staging": "staging"
      }
    },
    "staging": {
      "locked": {
        "lastModified": 1610108979,
        "narHash": "sha256-5i+6a0mf9PrweeZBDqLmu6i6BDOTQVVsHFZeQG2S+Fc=",
        "owner": "NixOS",
        "repo": "nixpkgs",
        "rev": "7aced83bf91f76ed96a1408bc87912f84c2fa856",
        "type": "github"
      },
      "original": {
        "owner": "NixOS",
        "ref": "staging",
        "repo": "nixpkgs",
        "type": "github"
      }
    },
    "utils": {
      "locked": {
        "lastModified": 1622445595,
        "narHash": "sha256-m+JRe6Wc5OZ/mKw2bB3+Tl0ZbtyxxxfnAWln8Q5qs+Y=",
        "owner": "numtide",
        "repo": "flake-utils",
        "rev": "7d706970d94bc5559077eb1a6600afddcd25a7c8",
        "type": "github"
      },
      "original": {
        "owner": "numtide",
        "repo": "flake-utils",
        "type": "github"
      }
    }
  },
  "root": "root",
  "version": 7
}
